
Microsoft Visual Studio Solution File, Format Version 12.00
# Visual Studio Version 16
VisualStudioVersion = 16.0.30413.136
MinimumVisualStudioVersion = 10.0.40219.1
Project("{FAE04EC0-301F-11D3-BF4B-00C04F79EFBC}") = "PokemonShakespeareTranslatorAPI", "PokemonShakespeareTranslatorAPI.csproj", "{5ED5C057-DCC3-400C-A511-62C2B86C9706}"
EndProject
Project("{FAE04EC0-301F-11D3-BF4B-00C04F79EFBC}") = "PokemonShakespeareTranslatorAPITest", "..\PokemonShakespeareTranslatorAPITest\PokemonShakespeareTranslatorAPITest.csproj", "{3993BB87-0B4D-4469-8E64-85EED386050D}"
EndProject
Global
	GlobalSection(SolutionConfigurationPlatforms) = preSolution
		Debug|Any CPU = Debug|Any CPU
		Release|Any CPU = Release|Any CPU
	EndGlobalSection
	GlobalSection(ProjectConfigurationPlatforms) = postSolution
		{5ED5C057-DCC3-400C-A511-62C2B86C9706}.Debug|Any CPU.ActiveCfg = Debug|Any CPU
		{5ED5C057-DCC3-400C-A511-62C2B86C9706}.Debug|Any CPU.Build.0 = Debug|Any CPU
		{5ED5C057-DCC3-400C-A511-62C2B86C9706}.Release|Any CPU.ActiveCfg = Release|Any CPU
		{5ED5C057-DCC3-400C-A511-62C2B86C9706}.Release|Any CPU.Build.0 = Release|Any CPU
		{3993BB87-0B4D-4469-8E64-85EED386050D}.Debug|Any CPU.ActiveCfg = Debug|Any CPU
		{3993BB87-0B4D-4469-8E64-85EED386050D}.Debug|Any CPU.Build.0 = Debug|Any CPU
		{3993BB87-0B4D-4469-8E64-85EED386050D}.Release|Any CPU.ActiveCfg = Release|Any CPU
		{3993BB87-0B4D-4469-8E64-85EED386050D}.Release|Any CPU.Build.0 = Release|Any CPU
	EndGlobalSection
	GlobalSection(SolutionProperties) = preSolution
		HideSolutionNode = FALSE
	EndGlobalSection
	GlobalSection(ExtensibilityGlobals) = postSolution
		SolutionGuid = {08C54305-69BA-42E0-BF8C-CF8602D1190D}
	EndGlobalSection
EndGlobal
